
Microsoft Visual Studio Solution File, Format Version 12.00
# Visual Studio Version 17
VisualStudioVersion = 17.5.33530.505
MinimumVisualStudioVersion = 10.0.40219.1
Project("{FAE04EC0-301F-11D3-BF4B-00C04F79EFBC}") = "tutorapp", "tutorapp\tutorapp.csproj", "{BAF0E8DB-C01A-43CD-ADD5-718ED7F57854}"
EndProject
Global
	GlobalSection(SolutionConfigurationPlatforms) = preSolution
		Debug|Any CPU = Debug|Any CPU
		Release|Any CPU = Release|Any CPU
	EndGlobalSection
	GlobalSection(ProjectConfigurationPlatforms) = postSolution
		{BAF0E8DB-C01A-43CD-ADD5-718ED7F57854}.Debug|Any CPU.ActiveCfg = Debug|Any CPU
		{BAF0E8DB-C01A-43CD-ADD5-718ED7F57854}.Debug|Any CPU.Build.0 = Debug|Any CPU
		{BAF0E8DB-C01A-43CD-ADD5-718ED7F57854}.Release|Any CPU.ActiveCfg = Release|Any CPU
		{BAF0E8DB-C01A-43CD-ADD5-718ED7F57854}.Release|Any CPU.Build.0 = Release|Any CPU
	EndGlobalSection
	GlobalSection(SolutionProperties) = preSolution
		HideSolutionNode = FALSE
	EndGlobalSection
	GlobalSection(ExtensibilityGlobals) = postSolution
		SolutionGuid = {59D14064-0CB7-4470-881A-311ECC23F72E}
	EndGlobalSection
EndGlobal
